PODS:
  - Flutter (1.0.0)
  - flutter_libphonenumber_ios (1.1.4):
    - Flutter
    - PhoneNumberKit/PhoneNumberKitCore (= 3.7.6)
  - PhoneNumberKit/PhoneNumberKitCore (3.7.6)

DEPENDENCIES:
  - Flutter (from `Flutter`)
  - flutter_libphonenumber_ios (from `.symlinks/plugins/flutter_libphonenumber_ios/ios`)

SPEC REPOS:
  trunk:
    - PhoneNumberKit

EXTERNAL SOURCES:
  Flutter:
    :path: Flutter
  flutter_libphonenumber_ios:
    :path: ".symlinks/plugins/flutter_libphonenumber_ios/ios"

SPEC CHECKSUMS:
  Flutter: e0871f40cf51350855a761d2e70bf5af5b9b5de7
  flutter_libphonenumber_ios: a4d7de8865ef47d0f77b1d047e88ef7aed488d53
  PhoneNumberKit: 3c68a822bad955ffcefc72a52df72b6596498555

PODFILE CHECKSUM: 819463e6a0290f5a72f145ba7cde16e8b6ef0796

COCOAPODS: 1.13.0
